
Microsoft Visual Studio Solution File, Format Version 12.00
# Visual Studio Version 17
VisualStudioVersion = 17.14.36603.0 d17.14
MinimumVisualStudioVersion = 10.0.40219.1
Project("{FAE04EC0-301F-11D3-BF4B-00C04F79EFBC}") = "TariasExamen", "TariasExamen.csproj", "{ACBDDA94-F692-4484-85FD-BB1DBA408AE2}"
EndProject
Global
	GlobalSection(SolutionConfigurationPlatforms) = preSolution
		Debug|Any CPU = Debug|Any CPU
		Release|Any CPU = Release|Any CPU
	EndGlobalSection
	GlobalSection(ProjectConfigurationPlatforms) = postSolution
		{ACBDDA94-F692-4484-85FD-BB1DBA408AE2}.Debug|Any CPU.ActiveCfg = Debug|Any CPU
		{ACBDDA94-F692-4484-85FD-BB1DBA408AE2}.Debug|Any CPU.Build.0 = Debug|Any CPU
		{ACBDDA94-F692-4484-85FD-BB1DBA408AE2}.Release|Any CPU.ActiveCfg = Release|Any CPU
		{ACBDDA94-F692-4484-85FD-BB1DBA408AE2}.Release|Any CPU.Build.0 = Release|Any CPU
	EndGlobalSection
	GlobalSection(SolutionProperties) = preSolution
		HideSolutionNode = FALSE
	EndGlobalSection
	GlobalSection(ExtensibilityGlobals) = postSolution
		SolutionGuid = {C63E2E58-4D18-463B-A9F7-89C2F4FEEC04}
	EndGlobalSection
EndGlobal
